{
  "name": "proto",
  "lockfileVersion": 3,
  "requires": true,
  "packages": {
    "": {
      "dependencies": {
        "@bufbuild/buf": "^1.37.0",
        "@bufbuild/protobuf": "^2.0.0",
        "@bufbuild/protoc-gen-es": "^2.0.0"
      }
    },
    "node_modules/@bufbuild/buf": {
      "version": "1.38.0",
      "resolved": "https://registry.npmjs.org/@bufbuild/buf/-/buf-1.38.0.tgz",
      "integrity": "sha512-5I4pTI3kQl36OBBV5+ggxROt6AoukCQB4NG366wSkQN14eguthdLBGvC73LGC6hmVvwjo+nadwodIpGs2nbOvQ==",
      "hasInstallScript": true,
      "bin": {
        "buf": "bin/buf",
        "protoc-gen-buf-breaking": "bin/protoc-gen-buf-breaking",
        "protoc-gen-buf-lint": "bin/protoc-gen-buf-lint"
      },
      "engines": {
        "node": ">=12"
      },
      "optionalDependencies": {
        "@bufbuild/buf-darwin-arm64": "1.38.0",
        "@bufbuild/buf-darwin-x64": "1.38.0",
        "@bufbuild/buf-linux-aarch64": "1.38.0",
        "@bufbuild/buf-linux-x64": "1.38.0",
        "@bufbuild/buf-win32-arm64": "1.38.0",
        "@bufbuild/buf-win32-x64": "1.38.0"
      }
    },
    "node_modules/@bufbuild/buf-darwin-arm64": {
      "version": "1.38.0",
      "resolved": "https://registry.npmjs.org/@bufbuild/buf-darwin-arm64/-/buf-darwin-arm64-1.38.0.tgz",
      "integrity": "sha512-4qGrNMUNboPyWHtWhdo9XzCGn+1/BeNlw963hhr8tGkmmc36oDGzacyw/oj7m43533TGMiLmVTqPuOAyYao+Sw==",
      "cpu": [
        "arm64"
      ],
      "optional": true,
      "os": [
        "darwin"
      ],
      "engines": {
        "node": ">=12"
      }
    },
    "node_modules/@bufbuild/buf-darwin-x64": {
      "version": "1.38.0",
      "resolved": "https://registry.npmjs.org/@bufbuild/buf-darwin-x64/-/buf-darwin-x64-1.38.0.tgz",
      "integrity": "sha512-6yADcSHJayTjviy0i/32DOik4nneDvDjsN0vb1UejHL/g1/0YM8dzo4n677uHaxUe4yKr2ivYkBvKpRnMMsgDQ==",
      "cpu": [
        "x64"
      ],
      "optional": true,
      "os": [
        "darwin"
      ],
      "engines": {
        "node": ">=12"
      }
    },
    "node_modules/@bufbuild/buf-linux-aarch64": {
      "version": "1.38.0",
      "resolved": "https://registry.npmjs.org/@bufbuild/buf-linux-aarch64/-/buf-linux-aarch64-1.38.0.tgz",
      "integrity": "sha512-Lo8d6QbZp8o11x4vkRV1Mm3wzrcXdORMYumd7Wd64UPz4l/0R11xu1wgv/gFRuse4djOAwWNNzXp4FEOq4oJwQ==",
      "cpu": [
        "arm64"
      ],
      "optional": true,
      "os": [
        "linux"
      ],
      "engines": {
        "node": ">=12"
      }
    },
    "node_modules/@bufbuild/buf-linux-x64": {
      "version": "1.38.0",
      "resolved": "https://registry.npmjs.org/@bufbuild/buf-linux-x64/-/buf-linux-x64-1.38.0.tgz",
      "integrity": "sha512-YHkYkb0e72waDcLthK8C0ns7vMdecg+AcQugwLq6TLjvwJRyEet97tGfK1QUTGzKgN+874MmqOBCuKKfWc40YQ==",
      "cpu": [
        "x64"
      ],
      "optional": true,
      "os": [
        "linux"
      ],
      "engines": {
        "node": ">=12"
      }
    },
    "node_modules/@bufbuild/buf-win32-arm64": {
      "version": "1.38.0",
      "resolved": "https://registry.npmjs.org/@bufbuild/buf-win32-arm64/-/buf-win32-arm64-1.38.0.tgz",
      "integrity": "sha512-Tgj/inG+CAhRRHK/7Ku8DufVN/iG7yJs3y2U/A+pYjzdreu/egj0/2JFq9I6wjJKaPELp4+Br659qar6tABxiQ==",
      "cpu": [
        "arm64"
      ],
      "optional": true,
      "os": [
        "win32"
      ],
      "engines": {
        "node": ">=12"
      }
    },
    "node_modules/@bufbuild/buf-win32-x64": {
      "version": "1.38.0",
      "resolved": "https://registry.npmjs.org/@bufbuild/buf-win32-x64/-/buf-win32-x64-1.38.0.tgz",
      "integrity": "sha512-Br32Xgp/tPInxMx/qNMhrsZQuef3CLeDOTqqSiPf6e2PegrWDQCJsF9jGUQTIy1na11nCAkbShnXm0EJK9bA6g==",
      "cpu": [
        "x64"
      ],
      "optional": true,
      "os": [
        "win32"
      ],
      "engines": {
        "node": ">=12"
      }
    },
    "node_modules/@bufbuild/protobuf": {
      "version": "2.0.0",
      "resolved": "https://registry.npmjs.org/@bufbuild/protobuf/-/protobuf-2.0.0.tgz",
      "integrity": "sha512-sw2JhwJyvyL0zlhG61aDzOVryEfJg2PDZFSV7i7IdC7nAE41WuXCru3QWLGiP87At0BMzKOoKO/FqEGoKygGZQ=="
    },
    "node_modules/@bufbuild/protoc-gen-es": {
      "version": "2.0.0",
      "resolved": "https://registry.npmjs.org/@bufbuild/protoc-gen-es/-/protoc-gen-es-2.0.0.tgz",
      "integrity": "sha512-xXDrDFjSD97jGu9RMA8O4Myj66DdCLOFeYG7Z0mX1aCE9hayymfor+BKgKCQouUfty6CYv8709FPYpEtDurLFQ==",
      "dependencies": {
        "@bufbuild/protobuf": "^2.0.0",
        "@bufbuild/protoplugin": "2.0.0"
      },
      "bin": {
        "protoc-gen-es": "bin/protoc-gen-es"
      },
      "engines": {
        "node": ">=14"
      },
      "peerDependencies": {
        "@bufbuild/protobuf": "2.0.0"
      },
      "peerDependenciesMeta": {
        "@bufbuild/protobuf": {
          "optional": true
        }
      }
    },
    "node_modules/@bufbuild/protoplugin": {
      "version": "2.0.0",
      "resolved": "https://registry.npmjs.org/@bufbuild/protoplugin/-/protoplugin-2.0.0.tgz",
      "integrity": "sha512-y77IarGNbJfr5YZHQ+biO0O9B8rXicKLLOFRJu9mKr9LYE5/CLIKqonIBfkc/lggCK2YOtinjZJEYb39HymIog==",
      "dependencies": {
        "@bufbuild/protobuf": "2.0.0",
        "@typescript/vfs": "^1.5.2",
        "typescript": "5.4.5"
      }
    },
    "node_modules/@typescript/vfs": {
      "version": "1.6.0",
      "resolved": "https://registry.npmjs.org/@typescript/vfs/-/vfs-1.6.0.tgz",
      "integrity": "sha512-hvJUjNVeBMp77qPINuUvYXj4FyWeeMMKZkxEATEU3hqBAQ7qdTBCUFT7Sp0Zu0faeEtFf+ldXxMEDr/bk73ISg==",
      "dependencies": {
        "debug": "^4.1.1"
      },
      "peerDependencies": {
        "typescript": "*"
      }
    },
    "node_modules/debug": {
      "version": "4.3.6",
      "resolved": "https://registry.npmjs.org/debug/-/debug-4.3.6.tgz",
      "integrity": "sha512-O/09Bd4Z1fBrU4VzkhFqVgpPzaGbw6Sm9FEkBT1A/YBXQFGuuSxa1dN2nxgxS34JmKXqYx8CZAwEVoJFImUXIg==",
      "dependencies": {
        "ms": "2.1.2"
      },
      "engines": {
        "node": ">=6.0"
      },
      "peerDependenciesMeta": {
        "supports-color": {
          "optional": true
        }
      }
    },
    "node_modules/ms": {
      "version": "2.1.2",
      "resolved": "https://registry.npmjs.org/ms/-/ms-2.1.2.tgz",
      "integrity": "sha512-sGkPx+VjMtmA6MX27oA4FBFELFCZZ4S4XqeGOXCv68tT+jb3vk/RyaKWP0PTKyWtmLSM0b+adUTEvbs1PEaH2w=="
    },
    "node_modules/typescript": {
      "version": "5.4.5",
      "resolved": "https://registry.npmjs.org/typescript/-/typescript-5.4.5.tgz",
      "integrity": "sha512-vcI4UpRgg81oIRUFwR0WSIHKt11nJ7SAVlYNIu+QpqeyXP+gpQJy/Z4+F0aGxSE4MqwjyXvW/TzgkLAx2AGHwQ==",
      "bin": {
        "tsc": "bin/tsc",
        "tsserver": "bin/tsserver"
      },
      "engines": {
        "node": ">=14.17"
      }
    }
  }
}
